
Microsoft Visual Studio Solution File, Format Version 12.00
# Visual Studio 2015
Project("{FAE04EC0-301F-11D3-BF4B-00C04F79EFBC}") = "FIGHT_Unity_Client_SourceCode.CSharp", "FIGHT_Unity_Client_SourceCode.CSharp.csproj", "{F6F0749F-035B-57F9-EA95-7DD77D918EE6}"
EndProject
Project("{FAE04EC0-301F-11D3-BF4B-00C04F79EFBC}") = "FIGHT_Unity_Client_SourceCode.CSharp.Editor", "FIGHT_Unity_Client_SourceCode.CSharp.Editor.csproj", "{1FEEF526-92C0-C6B2-6C88-0B7AFF54084E}"
EndProject
Global
	GlobalSection(SolutionConfigurationPlatforms) = preSolution
		Debug|Any CPU = Debug|Any CPU
		Release|Any CPU = Release|Any CPU
	EndGlobalSection
	GlobalSection(ProjectConfigurationPlatforms) = postSolution
		{F6F0749F-035B-57F9-EA95-7DD77D918EE6}.Debug|Any CPU.ActiveCfg = Debug|Any CPU
		{F6F0749F-035B-57F9-EA95-7DD77D918EE6}.Debug|Any CPU.Build.0 = Debug|Any CPU
		{F6F0749F-035B-57F9-EA95-7DD77D918EE6}.Release|Any CPU.ActiveCfg = Release|Any CPU
		{F6F0749F-035B-57F9-EA95-7DD77D918EE6}.Release|Any CPU.Build.0 = Release|Any CPU
		{1FEEF526-92C0-C6B2-6C88-0B7AFF54084E}.Debug|Any CPU.ActiveCfg = Debug|Any CPU
		{1FEEF526-92C0-C6B2-6C88-0B7AFF54084E}.Debug|Any CPU.Build.0 = Debug|Any CPU
		{1FEEF526-92C0-C6B2-6C88-0B7AFF54084E}.Release|Any CPU.ActiveCfg = Release|Any CPU
		{1FEEF526-92C0-C6B2-6C88-0B7AFF54084E}.Release|Any CPU.Build.0 = Release|Any CPU
	EndGlobalSection
	GlobalSection(SolutionProperties) = preSolution
		HideSolutionNode = FALSE
	EndGlobalSection
EndGlobal
