
Microsoft Visual Studio Solution File, Format Version 12.00
# Visual Studio 14
VisualStudioVersion = 14.0.25420.1
MinimumVisualStudioVersion = 10.0.40219.1
Project("{FAE04EC0-301F-11D3-BF4B-00C04F79EFBC}") = "FightServer.Common", "..\FightServer.Common\FightServer.Common.csproj", "{4681EA7A-924F-4D1B-B2AE-34A961335624}"
EndProject
Project("{FAE04EC0-301F-11D3-BF4B-00C04F79EFBC}") = "FightServer", "FightServerApplication\FightServer.csproj", "{143918D1-C62A-4B16-A9B9-552CA1ABA8B8}"
EndProject
Global
	GlobalSection(SolutionConfigurationPlatforms) = preSolution
		Debug|Any CPU = Debug|Any CPU
		Release|Any CPU = Release|Any CPU
	EndGlobalSection
	GlobalSection(ProjectConfigurationPlatforms) = postSolution
		{4681EA7A-924F-4D1B-B2AE-34A961335624}.Debug|Any CPU.ActiveCfg = Debug|Any CPU
		{4681EA7A-924F-4D1B-B2AE-34A961335624}.Debug|Any CPU.Build.0 = Debug|Any CPU
		{4681EA7A-924F-4D1B-B2AE-34A961335624}.Release|Any CPU.ActiveCfg = Release|Any CPU
		{4681EA7A-924F-4D1B-B2AE-34A961335624}.Release|Any CPU.Build.0 = Release|Any CPU
		{143918D1-C62A-4B16-A9B9-552CA1ABA8B8}.Debug|Any CPU.ActiveCfg = Debug|Any CPU
		{143918D1-C62A-4B16-A9B9-552CA1ABA8B8}.Debug|Any CPU.Build.0 = Debug|Any CPU
		{143918D1-C62A-4B16-A9B9-552CA1ABA8B8}.Release|Any CPU.ActiveCfg = Release|Any CPU
		{143918D1-C62A-4B16-A9B9-552CA1ABA8B8}.Release|Any CPU.Build.0 = Release|Any CPU
	EndGlobalSection
	GlobalSection(SolutionProperties) = preSolution
		HideSolutionNode = FALSE
	EndGlobalSection
EndGlobal
